
Microsoft Visual Studio Solution File, Format Version 12.00
# Visual Studio Version 17
VisualStudioVersion = 17.14.36310.24
MinimumVisualStudioVersion = 10.0.40219.1
Project("{FAE04EC0-301F-11D3-BF4B-00C04F79EFBC}") = "TaskManagement.API", "TaskManagement.API.csproj", "{2742EA4C-D2F3-42C3-B520-CF761AC64393}"
EndProject
Project("{FAE04EC0-301F-11D3-BF4B-00C04F79EFBC}") = "TaskManagement.API.Tests", "..\TaskManagement.API.Tests\TaskManagement.API.Tests.csproj", "{66B90A05-7D2D-471E-BF7A-592873FAF043}"
EndProject
Project("{FAE04EC0-301F-11D3-BF4B-00C04F79EFBC}") = "TaskManagement.Desktop", "..\TaskManagement.Desktop\TaskManagement.Desktop.csproj", "{DE5BC041-2C80-45BF-AB3C-6E0FC2888248}"
EndProject
Global
	GlobalSection(SolutionConfigurationPlatforms) = preSolution
		Debug|Any CPU = Debug|Any CPU
		Debug|x64 = Debug|x64
		Debug|x86 = Debug|x86
		Release|Any CPU = Release|Any CPU
		Release|x64 = Release|x64
		Release|x86 = Release|x86
	EndGlobalSection
	GlobalSection(ProjectConfigurationPlatforms) = postSolution
		{2742EA4C-D2F3-42C3-B520-CF761AC64393}.Debug|Any CPU.ActiveCfg = Debug|Any CPU
		{2742EA4C-D2F3-42C3-B520-CF761AC64393}.Debug|Any CPU.Build.0 = Debug|Any CPU
		{2742EA4C-D2F3-42C3-B520-CF761AC64393}.Debug|x64.ActiveCfg = Debug|Any CPU
		{2742EA4C-D2F3-42C3-B520-CF761AC64393}.Debug|x64.Build.0 = Debug|Any CPU
		{2742EA4C-D2F3-42C3-B520-CF761AC64393}.Debug|x86.ActiveCfg = Debug|Any CPU
		{2742EA4C-D2F3-42C3-B520-CF761AC64393}.Debug|x86.Build.0 = Debug|Any CPU
		{2742EA4C-D2F3-42C3-B520-CF761AC64393}.Release|Any CPU.ActiveCfg = Release|Any CPU
		{2742EA4C-D2F3-42C3-B520-CF761AC64393}.Release|Any CPU.Build.0 = Release|Any CPU
		{2742EA4C-D2F3-42C3-B520-CF761AC64393}.Release|x64.ActiveCfg = Release|Any CPU
		{2742EA4C-D2F3-42C3-B520-CF761AC64393}.Release|x64.Build.0 = Release|Any CPU
		{2742EA4C-D2F3-42C3-B520-CF761AC64393}.Release|x86.ActiveCfg = Release|Any CPU
		{2742EA4C-D2F3-42C3-B520-CF761AC64393}.Release|x86.Build.0 = Release|Any CPU
		{66B90A05-7D2D-471E-BF7A-592873FAF043}.Debug|Any CPU.ActiveCfg = Debug|Any CPU
		{66B90A05-7D2D-471E-BF7A-592873FAF043}.Debug|Any CPU.Build.0 = Debug|Any CPU
		{66B90A05-7D2D-471E-BF7A-592873FAF043}.Debug|x64.ActiveCfg = Debug|Any CPU
		{66B90A05-7D2D-471E-BF7A-592873FAF043}.Debug|x64.Build.0 = Debug|Any CPU
		{66B90A05-7D2D-471E-BF7A-592873FAF043}.Debug|x86.ActiveCfg = Debug|Any CPU
		{66B90A05-7D2D-471E-BF7A-592873FAF043}.Debug|x86.Build.0 = Debug|Any CPU
		{66B90A05-7D2D-471E-BF7A-592873FAF043}.Release|Any CPU.ActiveCfg = Release|Any CPU
		{66B90A05-7D2D-471E-BF7A-592873FAF043}.Release|Any CPU.Build.0 = Release|Any CPU
		{66B90A05-7D2D-471E-BF7A-592873FAF043}.Release|x64.ActiveCfg = Release|Any CPU
		{66B90A05-7D2D-471E-BF7A-592873FAF043}.Release|x64.Build.0 = Release|Any CPU
		{66B90A05-7D2D-471E-BF7A-592873FAF043}.Release|x86.ActiveCfg = Release|Any CPU
		{66B90A05-7D2D-471E-BF7A-592873FAF043}.Release|x86.Build.0 = Release|Any CPU
		{DE5BC041-2C80-45BF-AB3C-6E0FC2888248}.Debug|Any CPU.ActiveCfg = Debug|Any CPU
		{DE5BC041-2C80-45BF-AB3C-6E0FC2888248}.Debug|Any CPU.Build.0 = Debug|Any CPU
		{DE5BC041-2C80-45BF-AB3C-6E0FC2888248}.Debug|x64.ActiveCfg = Debug|Any CPU
		{DE5BC041-2C80-45BF-AB3C-6E0FC2888248}.Debug|x64.Build.0 = Debug|Any CPU
		{DE5BC041-2C80-45BF-AB3C-6E0FC2888248}.Debug|x86.ActiveCfg = Debug|Any CPU
		{DE5BC041-2C80-45BF-AB3C-6E0FC2888248}.Debug|x86.Build.0 = Debug|Any CPU
		{DE5BC041-2C80-45BF-AB3C-6E0FC2888248}.Release|Any CPU.ActiveCfg = Release|Any CPU
		{DE5BC041-2C80-45BF-AB3C-6E0FC2888248}.Release|Any CPU.Build.0 = Release|Any CPU
		{DE5BC041-2C80-45BF-AB3C-6E0FC2888248}.Release|x64.ActiveCfg = Release|Any CPU
		{DE5BC041-2C80-45BF-AB3C-6E0FC2888248}.Release|x64.Build.0 = Release|Any CPU
		{DE5BC041-2C80-45BF-AB3C-6E0FC2888248}.Release|x86.ActiveCfg = Release|Any CPU
		{DE5BC041-2C80-45BF-AB3C-6E0FC2888248}.Release|x86.Build.0 = Release|Any CPU
	EndGlobalSection
	GlobalSection(SolutionProperties) = preSolution
		HideSolutionNode = FALSE
	EndGlobalSection
	GlobalSection(ExtensibilityGlobals) = postSolution
		SolutionGuid = {6DC0A9C6-1A00-4175-A1C2-7498AB115E6C}
	EndGlobalSection
EndGlobal
